// !$*UTF8*$!
{
	archiveVersion = 1;
	classes = {
	};
	objectVersion = 50;
	objects = {

/* Begin PBXBuildFile section */
		78BA1C39246EE6E700F05416 /* AppDelegate.swift in Sources */ = {isa = PBXBuildFile; fileRef = 78BA1C38246EE6E700F05416 /* AppDelegate.swift */; };
		78BA1C3B246EE6E700F05416 /* SceneDelegate.swift in Sources */ = {isa = PBXBuildFile; fileRef = 78BA1C3A246EE6E700F05416 /* SceneDelegate.swift */; };
		78BA1C40246EE6E700F05416 /* Main.storyboard in Resources */ = {isa = PBXBuildFile; fileRef = 78BA1C3E246EE6E700F05416 /* Main.storyboard */; };
		78BA1C42246EE6E800F05416 /* Assets.xcassets in Resources */ = {isa = PBXBuildFile; fileRef = 78BA1C41246EE6E800F05416 /* Assets.xcassets */; };
		78BA1C45246EE6E800F05416 /* LaunchScreen.storyboard in Resources */ = {isa = PBXBuildFile; fileRef = 78BA1C43246EE6E800F05416 /* LaunchScreen.storyboard */; };
		78BA1C56246EE77800F05416 /* CloudKit.framework in Frameworks */ = {isa = PBXBuildFile; fileRef = 78BA1C55246EE77800F05416 /* CloudKit.framework */; };
/* End PBXBuildFile section */

/* Begin PBXFileReference section */
		78BA1C35246EE6E700F05416 /* Contacts.app */ = {isa = PBXFileReference; explicitFileType = wrapper.application; includeInIndex = 0; path = Contacts.app; sourceTree = BUILT_PRODUCTS_DIR; };
		78BA1C38246EE6E700F05416 /* AppDelegate.swift */ = {isa = PBXFileReference; lastKnownFileType = sourcecode.swift; path = AppDelegate.swift; sourceTree = "<group>"; };
		78BA1C3A246EE6E700F05416 /* SceneDelegate.swift */ = {isa = PBXFileReference; lastKnownFileType = sourcecode.swift; path = SceneDelegate.swift; sourceTree = "<group>"; };
		78BA1C3F246EE6E700F05416 /* Base */ = {isa = PBXFileReference; lastKnownFileType = file.storyboard; name = Base; path = Base.lproj/Main.storyboard; sourceTree = "<group>"; };
		78BA1C41246EE6E800F05416 /* Assets.xcassets */ = {isa = PBXFileReference; lastKnownFileType = folder.assetcatalog; path = Assets.xcassets; sourceTree = "<group>"; };
		78BA1C44246EE6E800F05416 /* Base */ = {isa = PBXFileReference; lastKnownFileType = file.storyboard; name = Base; path = Base.lproj/LaunchScreen.storyboard; sourceTree = "<group>"; };
		78BA1C46246EE6E800F05416 /* Info.plist */ = {isa = PBXFileReference; lastKnownFileType = text.plist.xml; path = Info.plist; sourceTree = "<group>"; };
		78BA1C53246EE76900F05416 /* Contacts.entitlements */ = {isa = PBXFileReference; lastKnownFileType = text.plist.entitlements; path = Contacts.entitlements; sourceTree = "<group>"; };
		78BA1C55246EE77800F05416 /* CloudKit.framework */ = {isa = PBXFileReference; lastKnownFileType = wrapper.framework; name = CloudKit.framework; path = System/Library/Frameworks/CloudKit.framework; sourceTree = SDKROOT; };
/* End PBXFileReference section */

/* Begin PBXFrameworksBuildPhase section */
		78BA1C32246EE6E700F05416 /* Frameworks */ = {
			isa = PBXFrameworksBuildPhase;
			buildActionMask = 2147483647;
			files = (
				78BA1C56246EE77800F05416 /* CloudKit.framework in Frameworks */,
			);
			runOnlyForDeploymentPostprocessing = 0;
		};
/* End PBXFrameworksBuildPhase section */

/* Begin PBXGroup section */
		78BA1C2C246EE6E700F05416 = {
			isa = PBXGroup;
			children = (
				78BA1C37246EE6E700F05416 /* Contacts */,
				78BA1C36246EE6E700F05416 /* Products */,
				78BA1C54246EE77800F05416 /* Frameworks */,
			);
			sourceTree = "<group>";
		};
		78BA1C36246EE6E700F05416 /* Products */ = {
			isa = PBXGroup;
			children = (
				78BA1C35246EE6E700F05416 /* Contacts.app */,
			);
			name = Products;
			sourceTree = "<group>";
		};
		78BA1C37246EE6E700F05416 /* Contacts */ = {
			isa = PBXGroup;
			children = (
				78BA1C53246EE76900F05416 /* Contacts.entitlements */,
				78BA1C52246EE73A00F05416 /* Helpers + Extension */,
				78BA1C4F246EE71A00F05416 /* Controllers */,
				78BA1C4E246EE71200F05416 /* Model */,
				78BA1C4D246EE70B00F05416 /* Views */,
				78BA1C4C246EE6F900F05416 /* Resources */,
			);
			path = Contacts;
			sourceTree = "<group>";
		};
		78BA1C4C246EE6F900F05416 /* Resources */ = {
			isa = PBXGroup;
			children = (
				78BA1C38246EE6E700F05416 /* AppDelegate.swift */,
				78BA1C3A246EE6E700F05416 /* SceneDelegate.swift */,
				78BA1C41246EE6E800F05416 /* Assets.xcassets */,
				78BA1C43246EE6E800F05416 /* LaunchScreen.storyboard */,
				78BA1C46246EE6E800F05416 /* Info.plist */,
			);
			path = Resources;
			sourceTree = "<group>";
		};
		78BA1C4D246EE70B00F05416 /* Views */ = {
			isa = PBXGroup;
			children = (
				78BA1C3E246EE6E700F05416 /* Main.storyboard */,
			);
			path = Views;
			sourceTree = "<group>";
		};
		78BA1C4E246EE71200F05416 /* Model */ = {
			isa = PBXGroup;
			children = (
			);
			path = Model;
			sourceTree = "<group>";
		};
		78BA1C4F246EE71A00F05416 /* Controllers */ = {
			isa = PBXGroup;
			children = (
				78BA1C51246EE72F00F05416 /* Model Controllers */,
				78BA1C50246EE72200F05416 /* View Controllers */,
			);
			path = Controllers;
			sourceTree = "<group>";
		};
		78BA1C50246EE72200F05416 /* View Controllers */ = {
			isa = PBXGroup;
			children = (
			);
			path = "View Controllers";
			sourceTree = "<group>";
		};
		78BA1C51246EE72F00F05416 /* Model Controllers */ = {
			isa = PBXGroup;
			children = (
			);
			path = "Model Controllers";
			sourceTree = "<group>";
		};
		78BA1C52246EE73A00F05416 /* Helpers + Extension */ = {
			isa = PBXGroup;
			children = (
			);
			path = "Helpers + Extension";
			sourceTree = "<group>";
		};
		78BA1C54246EE77800F05416 /* Frameworks */ = {
			isa = PBXGroup;
			children = (
				78BA1C55246EE77800F05416 /* CloudKit.framework */,
			);
			name = Frameworks;
			sourceTree = "<group>";
		};
/* End PBXGroup section */

/* Begin PBXNativeTarget section */
		78BA1C34246EE6E700F05416 /* Contacts */ = {
			isa = PBXNativeTarget;
			buildConfigurationList = 78BA1C49246EE6E800F05416 /* Build configuration list for PBXNativeTarget "Contacts" */;
			buildPhases = (
				78BA1C31246EE6E700F05416 /* Sources */,
				78BA1C32246EE6E700F05416 /* Frameworks */,
				78BA1C33246EE6E700F05416 /* Resources */,
			);
			buildRules = (
			);
			dependencies = (
			);
			name = Contacts;
			productName = Contacts;
			productReference = 78BA1C35246EE6E700F05416 /* Contacts.app */;
			productType = "com.apple.product-type.application";
		};
/* End PBXNativeTarget section */

/* Begin PBXProject section */
		78BA1C2D246EE6E700F05416 /* Project object */ = {
			isa = PBXProject;
			attributes = {
				LastSwiftUpdateCheck = 1140;
				LastUpgradeCheck = 1140;
				ORGANIZATIONNAME = "Bryce Bradshaw";
				TargetAttributes = {
					78BA1C34246EE6E700F05416 = {
						CreatedOnToolsVersion = 11.4.1;
					};
				};
			};
			buildConfigurationList = 78BA1C30246EE6E700F05416 /* Build configuration list for PBXProject "Contacts" */;
			compatibilityVersion = "Xcode 9.3";
			developmentRegion = en;
			hasScannedForEncodings = 0;
			knownRegions = (
				en,
				Base,
			);
			mainGroup = 78BA1C2C246EE6E700F05416;
			productRefGroup = 78BA1C36246EE6E700F05416 /* Products */;
			projectDirPath = "";
			projectRoot = "";
			targets = (
				78BA1C34246EE6E700F05416 /* Contacts */,
			);
		};
/* End PBXProject section */

/* Begin PBXResourcesBuildPhase section */
		78BA1C33246EE6E700F05416 /* Resources */ = {
			isa = PBXResourcesBuildPhase;
			buildActionMask = 2147483647;
			files = (
				78BA1C45246EE6E800F05416 /* LaunchScreen.storyboard in Resources */,
				78BA1C42246EE6E800F05416 /* Assets.xcassets in Resources */,
				78BA1C40246EE6E700F05416 /* Main.storyboard in Resources */,
			);
			runOnlyForDeploymentPostprocessing = 0;
		};
/* End PBXResourcesBuildPhase section */

/* Begin PBXSourcesBuildPhase section */
		78BA1C31246EE6E700F05416 /* Sources */ = {
			isa = PBXSourcesBuildPhase;
			buildActionMask = 2147483647;
			files = (
				78BA1C39246EE6E700F05416 /* AppDelegate.swift in Sources */,
				78BA1C3B246EE6E700F05416 /* SceneDelegate.swift in Sources */,
			);
			runOnlyForDeploymentPostprocessing = 0;
		};
/* End PBXSourcesBuildPhase section */

/* Begin PBXVariantGroup section */
		78BA1C3E246EE6E700F05416 /* Main.storyboard */ = {
			isa = PBXVariantGroup;
			children = (
				78BA1C3F246EE6E700F05416 /* Base */,
			);
			name = Main.storyboard;
			sourceTree = "<group>";
		};
		78BA1C43246EE6E800F05416 /* LaunchScreen.storyboard */ = {
			isa = PBXVariantGroup;
			children = (
				78BA1C44246EE6E800F05416 /* Base */,
			);
			name = LaunchScreen.storyboard;
			sourceTree = "<group>";
		};
/* End PBXVariantGroup section */

/* Begin XCBuildConfiguration section */
		78BA1C47246EE6E800F05416 /* Debug */ = {
			isa = XCBuildConfiguration;
			buildSettings = {
				ALWAYS_SEARCH_USER_PATHS = NO;
				CLANG_ANALYZER_NONNULL = YES;
				CLANG_ANALYZER_NUMBER_OBJECT_CONVERSION = YES_AGGRESSIVE;
				CLANG_CXX_LANGUAGE_STANDARD = "gnu++14";
				CLANG_CXX_LIBRARY = "libc++";
				CLANG_ENABLE_MODULES = YES;
				CLANG_ENABLE_OBJC_ARC = YES;
				CLANG_ENABLE_OBJC_WEAK = YES;
				CLANG_WARN_BLOCK_CAPTURE_AUTORELEASING = YES;
				CLANG_WARN_BOOL_CONVERSION = YES;
				CLANG_WARN_COMMA = YES;
				CLANG_WARN_CONSTANT_CONVERSION = YES;
				CLANG_WARN_DEPRECATED_OBJC_IMPLEMENTATIONS = YES;
				CLANG_WARN_DIRECT_OBJC_ISA_USAGE = YES_ERROR;
				CLANG_WARN_DOCUMENTATION_COMMENTS = YES;
				CLANG_WARN_EMPTY_BODY = YES;
				CLANG_WARN_ENUM_CONVERSION = YES;
				CLANG_WARN_INFINITE_RECURSION = YES;
				CLANG_WARN_INT_CONVERSION = YES;
				CLANG_WARN_NON_LITERAL_NULL_CONVERSION = YES;
				CLANG_WARN_OBJC_IMPLICIT_RETAIN_SELF = YES;
				CLANG_WARN_OBJC_LITERAL_CONVERSION = YES;
				CLANG_WARN_OBJC_ROOT_CLASS = YES_ERROR;
				CLANG_WARN_RANGE_LOOP_ANALYSIS = YES;
				CLANG_WARN_STRICT_PROTOTYPES = YES;
				CLANG_WARN_SUSPICIOUS_MOVE = YES;
				CLANG_WARN_UNGUARDED_AVAILABILITY = YES_AGGRESSIVE;
				CLANG_WARN_UNREACHABLE_CODE = YES;
				CLANG_WARN__DUPLICATE_METHOD_MATCH = YES;
				COPY_PHASE_STRIP = NO;
				DEBUG_INFORMATION_FORMAT = dwarf;
				ENABLE_STRICT_OBJC_MSGSEND = YES;
				ENABLE_TESTABILITY = YES;
				GCC_C_LANGUAGE_STANDARD = gnu11;
				GCC_DYNAMIC_NO_PIC = NO;
				GCC_NO_COMMON_BLOCKS = YES;
				GCC_OPTIMIZATION_LEVEL = 0;
				GCC_PREPROCESSOR_DEFINITIONS = (
					"DEBUG=1",
					"$(inherited)",
				);
				GCC_WARN_64_TO_32_BIT_CONVERSION = YES;
				GCC_WARN_ABOUT_RETURN_TYPE = YES_ERROR;
				GCC_WARN_UNDECLARED_SELECTOR = YES;
				GCC_WARN_UNINITIALIZED_AUTOS = YES_AGGRESSIVE;
				GCC_WARN_UNUSED_FUNCTION = YES;
				GCC_WARN_UNUSED_VARIABLE = YES;
				IPHONEOS_DEPLOYMENT_TARGET = 13.4;
				MTL_ENABLE_DEBUG_INFO = INCLUDE_SOURCE;
				MTL_FAST_MATH = YES;
				ONLY_ACTIVE_ARCH = YES;
				SDKROOT = iphoneos;
				SWIFT_ACTIVE_COMPILATION_CONDITIONS = DEBUG;
				SWIFT_OPTIMIZATION_LEVEL = "-Onone";
			};
			name = Debug;
		};
		78BA1C48246EE6E800F05416 /* Release */ = {
			isa = XCBuildConfiguration;
			buildSettings = {
				ALWAYS_SEARCH_USER_PATHS = NO;
				CLANG_ANALYZER_NONNULL = YES;
				CLANG_ANALYZER_NUMBER_OBJECT_CONVERSION = YES_AGGRESSIVE;
				CLANG_CXX_LANGUAGE_STANDARD = "gnu++14";
				CLANG_CXX_LIBRARY = "libc++";
				CLANG_ENABLE_MODULES = YES;
				CLANG_ENABLE_OBJC_ARC = YES;
				CLANG_ENABLE_OBJC_WEAK = YES;
				CLANG_WARN_BLOCK_CAPTURE_AUTORELEASING = YES;
				CLANG_WARN_BOOL_CONVERSION = YES;
				CLANG_WARN_COMMA = YES;
				CLANG_WARN_CONSTANT_CONVERSION = YES;
				CLANG_WARN_DEPRECATED_OBJC_IMPLEMENTATIONS = YES;
				CLANG_WARN_DIRECT_OBJC_ISA_USAGE = YES_ERROR;
				CLANG_WARN_DOCUMENTATION_COMMENTS = YES;
				CLANG_WARN_EMPTY_BODY = YES;
				CLANG_WARN_ENUM_CONVERSION = YES;
				CLANG_WARN_INFINITE_RECURSION = YES;
				CLANG_WARN_INT_CONVERSION = YES;
				CLANG_WARN_NON_LITERAL_NULL_CONVERSION = YES;
				CLANG_WARN_OBJC_IMPLICIT_RETAIN_SELF = YES;
				CLANG_WARN_OBJC_LITERAL_CONVERSION = YES;
				CLANG_WARN_OBJC_ROOT_CLASS = YES_ERROR;
				CLANG_WARN_RANGE_LOOP_ANALYSIS = YES;
				CLANG_WARN_STRICT_PROTOTYPES = YES;
				CLANG_WARN_SUSPICIOUS_MOVE = YES;
				CLANG_WARN_UNGUARDED_AVAILABILITY = YES_AGGRESSIVE;
				CLANG_WARN_UNREACHABLE_CODE = YES;
				CLANG_WARN__DUPLICATE_METHOD_MATCH = YES;
				COPY_PHASE_STRIP = NO;
				DEBUG_INFORMATION_FORMAT = "dwarf-with-dsym";
				ENABLE_NS_ASSERTIONS = NO;
				ENABLE_STRICT_OBJC_MSGSEND = YES;
				GCC_C_LANGUAGE_STANDARD = gnu11;
				GCC_NO_COMMON_BLOCKS = YES;
				GCC_WARN_64_TO_32_BIT_CONVERSION = YES;
				GCC_WARN_ABOUT_RETURN_TYPE = YES_ERROR;
				GCC_WARN_UNDECLARED_SELECTOR = YES;
				GCC_WARN_UNINITIALIZED_AUTOS = YES_AGGRESSIVE;
				GCC_WARN_UNUSED_FUNCTION = YES;
				GCC_WARN_UNUSED_VARIABLE = YES;
				IPHONEOS_DEPLOYMENT_TARGET = 13.4;
				MTL_ENABLE_DEBUG_INFO = NO;
				MTL_FAST_MATH = YES;
				SDKROOT = iphoneos;
				SWIFT_COMPILATION_MODE = wholemodule;
				SWIFT_OPTIMIZATION_LEVEL = "-O";
				VALIDATE_PRODUCT = YES;
			};
			name = Release;
		};
		78BA1C4A246EE6E800F05416 /* Debug */ = {
			isa = XCBuildConfiguration;
			buildSettings = {
				ASSETCATALOG_COMPILER_APPICON_NAME = AppIcon;
				CODE_SIGN_ENTITLEMENTS = Contacts/Contacts.entitlements;
				CODE_SIGN_STYLE = Automatic;
				DEVELOPMENT_TEAM = 6FR69MK7S5;
				INFOPLIST_FILE = Contacts/Resources/Info.plist;
				LD_RUNPATH_SEARCH_PATHS = (
					"$(inherited)",
					"@executable_path/Frameworks",
				);
				PRODUCT_BUNDLE_IDENTIFIER = com.WBB.Contacts;
				PRODUCT_NAME = "$(TARGET_NAME)";
				SWIFT_VERSION = 5.0;
				TARGETED_DEVICE_FAMILY = "1,2";
			};
			name = Debug;
		};
		78BA1C4B246EE6E800F05416 /* Release */ = {
			isa = XCBuildConfiguration;
			buildSettings = {
				ASSETCATALOG_COMPILER_APPICON_NAME = AppIcon;
				CODE_SIGN_ENTITLEMENTS = Contacts/Contacts.entitlements;
				CODE_SIGN_STYLE = Automatic;
				DEVELOPMENT_TEAM = 6FR69MK7S5;
				INFOPLIST_FILE = Contacts/Resources/Info.plist;
				LD_RUNPATH_SEARCH_PATHS = (
					"$(inherited)",
					"@executable_path/Frameworks",
				);
				PRODUCT_BUNDLE_IDENTIFIER = com.WBB.Contacts;
				PRODUCT_NAME = "$(TARGET_NAME)";
				SWIFT_VERSION = 5.0;
				TARGETED_DEVICE_FAMILY = "1,2";
			};
			name = Release;
		};
/* End XCBuildConfiguration section */

/* Begin XCConfigurationList section */
		78BA1C30246EE6E700F05416 /* Build configuration list for PBXProject "Contacts" */ = {
			isa = XCConfigurationList;
			buildConfigurations = (
				78BA1C47246EE6E800F05416 /* Debug */,
				78BA1C48246EE6E800F05416 /* Release */,
			);
			defaultConfigurationIsVisible = 0;
			defaultConfigurationName = Release;
		};
		78BA1C49246EE6E800F05416 /* Build configuration list for PBXNativeTarget "Contacts" */ = {
			isa = XCConfigurationList;
			buildConfigurations = (
				78BA1C4A246EE6E800F05416 /* Debug */,
				78BA1C4B246EE6E800F05416 /* Release */,
			);
			defaultConfigurationIsVisible = 0;
			defaultConfigurationName = Release;
		};
/* End XCConfigurationList section */
	};
	rootObject = 78BA1C2D246EE6E700F05416 /* Project object */;
}
